// !$*UTF8*$!
{
	archiveVersion = 1;
	classes = {
	};
	objectVersion = 46;
	objects = {

/* Begin PBXBuildFile section */
		87F56BA31C2384C600260976 /* AppDelegate.swift in Sources */ = {isa = PBXBuildFile; fileRef = 87F56BA21C2384C600260976 /* AppDelegate.swift */; };
		87F56BA51C2384C600260976 /* ViewController.swift in Sources */ = {isa = PBXBuildFile; fileRef = 87F56BA41C2384C600260976 /* ViewController.swift */; };
		87F56BA81C2384C600260976 /* Main.storyboard in Resources */ = {isa = PBXBuildFile; fileRef = 87F56BA61C2384C600260976 /* Main.storyboard */; };
		87F56BAA1C2384C600260976 /* Assets.xcassets in Resources */ = {isa = PBXBuildFile; fileRef = 87F56BA91C2384C600260976 /* Assets.xcassets */; };
		87F56BAD1C2384C600260976 /* LaunchScreen.storyboard in Resources */ = {isa = PBXBuildFile; fileRef = 87F56BAB1C2384C600260976 /* LaunchScreen.storyboard */; };
		87F56BB61C23850B00260976 /* BouncerBehavior.swift in Sources */ = {isa = PBXBuildFile; fileRef = 87F56BB51C23850B00260976 /* BouncerBehavior.swift */; };
/* End PBXBuildFile section */

/* Begin PBXFileReference section */
		87F56B9F1C2384C600260976 /* Bouncer.app */ = {isa = PBXFileReference; explicitFileType = wrapper.application; includeInIndex = 0; path = Bouncer.app; sourceTree = BUILT_PRODUCTS_DIR; };
		87F56BA21C2384C600260976 /* AppDelegate.swift */ = {isa = PBXFileReference; lastKnownFileType = sourcecode.swift; path = AppDelegate.swift; sourceTree = "<group>"; };
		87F56BA41C2384C600260976 /* ViewController.swift */ = {isa = PBXFileReference; lastKnownFileType = sourcecode.swift; path = ViewController.swift; sourceTree = "<group>"; };
		87F56BA71C2384C600260976 /* Base */ = {isa = PBXFileReference; lastKnownFileType = file.storyboard; name = Base; path = Base.lproj/Main.storyboard; sourceTree = "<group>"; };
		87F56BA91C2384C600260976 /* Assets.xcassets */ = {isa = PBXFileReference; lastKnownFileType = folder.assetcatalog; path = Assets.xcassets; sourceTree = "<group>"; };
		87F56BAC1C2384C600260976 /* Base */ = {isa = PBXFileReference; lastKnownFileType = file.storyboard; name = Base; path = Base.lproj/LaunchScreen.storyboard; sourceTree = "<group>"; };
		87F56BAE1C2384C600260976 /* Info.plist */ = {isa = PBXFileReference; lastKnownFileType = text.plist.xml; path = Info.plist; sourceTree = "<group>"; };
		87F56BB51C23850B00260976 /* BouncerBehavior.swift */ = {isa = PBXFileReference; fileEncoding = 4; lastKnownFileType = sourcecode.swift; lineEnding = 0; path = BouncerBehavior.swift; sourceTree = "<group>"; xcLanguageSpecificationIdentifier = xcode.lang.swift; };
/* End PBXFileReference section */

/* Begin PBXFrameworksBuildPhase section */
		87F56B9C1C2384C600260976 /* Frameworks */ = {
			isa = PBXFrameworksBuildPhase;
			buildActionMask = 2147483647;
			files = (
			);
			runOnlyForDeploymentPostprocessing = 0;
		};
/* End PBXFrameworksBuildPhase section */

/* Begin PBXGroup section */
		87F56B961C2384C600260976 = {
			isa = PBXGroup;
			children = (
				87F56BA11C2384C600260976 /* Bouncer */,
				87F56BA01C2384C600260976 /* Products */,
			);
			sourceTree = "<group>";
		};
		87F56BA01C2384C600260976 /* Products */ = {
			isa = PBXGroup;
			children = (
				87F56B9F1C2384C600260976 /* Bouncer.app */,
			);
			name = Products;
			sourceTree = "<group>";
		};
		87F56BA11C2384C600260976 /* Bouncer */ = {
			isa = PBXGroup;
			children = (
				87F56BB51C23850B00260976 /* BouncerBehavior.swift */,
				87F56BA21C2384C600260976 /* AppDelegate.swift */,
				87F56BA41C2384C600260976 /* ViewController.swift */,
				87F56BA61C2384C600260976 /* Main.storyboard */,
				87F56BB41C2384DB00260976 /* Supporting FIles */,
			);
			path = Bouncer;
			sourceTree = "<group>";
		};
		87F56BB41C2384DB00260976 /* Supporting FIles */ = {
			isa = PBXGroup;
			children = (
				87F56BAE1C2384C600260976 /* Info.plist */,
				87F56BAB1C2384C600260976 /* LaunchScreen.storyboard */,
				87F56BA91C2384C600260976 /* Assets.xcassets */,
			);
			name = "Supporting FIles";
			sourceTree = "<group>";
		};
/* End PBXGroup section */

/* Begin PBXNativeTarget section */
		87F56B9E1C2384C600260976 /* Bouncer */ = {
			isa = PBXNativeTarget;
			buildConfigurationList = 87F56BB11C2384C600260976 /* Build configuration list for PBXNativeTarget "Bouncer" */;
			buildPhases = (
				87F56B9B1C2384C600260976 /* Sources */,
				87F56B9C1C2384C600260976 /* Frameworks */,
				87F56B9D1C2384C600260976 /* Resources */,
			);
			buildRules = (
			);
			dependencies = (
			);
			name = Bouncer;
			productName = Bouncer;
			productReference = 87F56B9F1C2384C600260976 /* Bouncer.app */;
			productType = "com.apple.product-type.application";
		};
/* End PBXNativeTarget section */

/* Begin PBXProject section */
		87F56B971C2384C600260976 /* Project object */ = {
			isa = PBXProject;
			attributes = {
				LastSwiftUpdateCheck = 0720;
				LastUpgradeCheck = 0720;
				ORGANIZATIONNAME = dawang;
				TargetAttributes = {
					87F56B9E1C2384C600260976 = {
						CreatedOnToolsVersion = 7.2;
						DevelopmentTeam = E43NMU4WVY;
					};
				};
			};
			buildConfigurationList = 87F56B9A1C2384C600260976 /* Build configuration list for PBXProject "Bouncer" */;
			compatibilityVersion = "Xcode 3.2";
			developmentRegion = English;
			hasScannedForEncodings = 0;
			knownRegions = (
				en,
				Base,
			);
			mainGroup = 87F56B961C2384C600260976;
			productRefGroup = 87F56BA01C2384C600260976 /* Products */;
			projectDirPath = "";
			projectRoot = "";
			targets = (
				87F56B9E1C2384C600260976 /* Bouncer */,
			);
		};
/* End PBXProject section */

/* Begin PBXResourcesBuildPhase section */
		87F56B9D1C2384C600260976 /* Resources */ = {
			isa = PBXResourcesBuildPhase;
			buildActionMask = 2147483647;
			files = (
				87F56BAD1C2384C600260976 /* LaunchScreen.storyboard in Resources */,
				87F56BAA1C2384C600260976 /* Assets.xcassets in Resources */,
				87F56BA81C2384C600260976 /* Main.storyboard in Resources */,
			);
			runOnlyForDeploymentPostprocessing = 0;
		};
/* End PBXResourcesBuildPhase section */

/* Begin PBXSourcesBuildPhase section */
		87F56B9B1C2384C600260976 /* Sources */ = {
			isa = PBXSourcesBuildPhase;
			buildActionMask = 2147483647;
			files = (
				87F56BA51C2384C600260976 /* ViewController.swift in Sources */,
				87F56BA31C2384C600260976 /* AppDelegate.swift in Sources */,
				87F56BB61C23850B00260976 /* BouncerBehavior.swift in Sources */,
			);
			runOnlyForDeploymentPostprocessing = 0;
		};
/* End PBXSourcesBuildPhase section */

/* Begin PBXVariantGroup section */
		87F56BA61C2384C600260976 /* Main.storyboard */ = {
			isa = PBXVariantGroup;
			children = (
				87F56BA71C2384C600260976 /* Base */,
			);
			name = Main.storyboard;
			sourceTree = "<group>";
		};
		87F56BAB1C2384C600260976 /* LaunchScreen.storyboard */ = {
			isa = PBXVariantGroup;
			children = (
				87F56BAC1C2384C600260976 /* Base */,
			);
			name = LaunchScreen.storyboard;
			sourceTree = "<group>";
		};
/* End PBXVariantGroup section */

/* Begin XCBuildConfiguration section */
		87F56BAF1C2384C600260976 /* Debug */ = {
			isa = XCBuildConfiguration;
			buildSettings = {
				ALWAYS_SEARCH_USER_PATHS = NO;
				CLANG_CXX_LANGUAGE_STANDARD = "gnu++0x";
				CLANG_CXX_LIBRARY = "libc++";
				CLANG_ENABLE_MODULES = YES;
				CLANG_ENABLE_OBJC_ARC = YES;
				CLANG_WARN_BOOL_CONVERSION = YES;
				CLANG_WARN_CONSTANT_CONVERSION = YES;
				CLANG_WARN_DIRECT_OBJC_ISA_USAGE = YES_ERROR;
				CLANG_WARN_EMPTY_BODY = YES;
				CLANG_WARN_ENUM_CONVERSION = YES;
				CLANG_WARN_INT_CONVERSION = YES;
				CLANG_WARN_OBJC_ROOT_CLASS = YES_ERROR;
				CLANG_WARN_UNREACHABLE_CODE = YES;
				CLANG_WARN__DUPLICATE_METHOD_MATCH = YES;
				"CODE_SIGN_IDENTITY[sdk=iphoneos*]" = "iPhone Developer";
				COPY_PHASE_STRIP = NO;
				DEBUG_INFORMATION_FORMAT = dwarf;
				ENABLE_STRICT_OBJC_MSGSEND = YES;
				ENABLE_TESTABILITY = YES;
				GCC_C_LANGUAGE_STANDARD = gnu99;
				GCC_DYNAMIC_NO_PIC = NO;
				GCC_NO_COMMON_BLOCKS = YES;
				GCC_OPTIMIZATION_LEVEL = 0;
				GCC_PREPROCESSOR_DEFINITIONS = (
					"DEBUG=1",
					"$(inherited)",
				);
				GCC_WARN_64_TO_32_BIT_CONVERSION = YES;
				GCC_WARN_ABOUT_RETURN_TYPE = YES_ERROR;
				GCC_WARN_UNDECLARED_SELECTOR = YES;
				GCC_WARN_UNINITIALIZED_AUTOS = YES_AGGRESSIVE;
				GCC_WARN_UNUSED_FUNCTION = YES;
				GCC_WARN_UNUSED_VARIABLE = YES;
				IPHONEOS_DEPLOYMENT_TARGET = 9.2;
				MTL_ENABLE_DEBUG_INFO = YES;
				ONLY_ACTIVE_ARCH = YES;
				SDKROOT = iphoneos;
				SWIFT_OPTIMIZATION_LEVEL = "-Onone";
				TARGETED_DEVICE_FAMILY = "1,2";
			};
			name = Debug;
		};
		87F56BB01C2384C600260976 /* Release */ = {
			isa = XCBuildConfiguration;
			buildSettings = {
				ALWAYS_SEARCH_USER_PATHS = NO;
				CLANG_CXX_LANGUAGE_STANDARD = "gnu++0x";
				CLANG_CXX_LIBRARY = "libc++";
				CLANG_ENABLE_MODULES = YES;
				CLANG_ENABLE_OBJC_ARC = YES;
				CLANG_WARN_BOOL_CONVERSION = YES;
				CLANG_WARN_CONSTANT_CONVERSION = YES;
				CLANG_WARN_DIRECT_OBJC_ISA_USAGE = YES_ERROR;
				CLANG_WARN_EMPTY_BODY = YES;
				CLANG_WARN_ENUM_CONVERSION = YES;
				CLANG_WARN_INT_CONVERSION = YES;
				CLANG_WARN_OBJC_ROOT_CLASS = YES_ERROR;
				CLANG_WARN_UNREACHABLE_CODE = YES;
				CLANG_WARN__DUPLICATE_METHOD_MATCH = YES;
				"CODE_SIGN_IDENTITY[sdk=iphoneos*]" = "iPhone Developer";
				COPY_PHASE_STRIP = NO;
				DEBUG_INFORMATION_FORMAT = "dwarf-with-dsym";
				ENABLE_NS_ASSERTIONS = NO;
				ENABLE_STRICT_OBJC_MSGSEND = YES;
				GCC_C_LANGUAGE_STANDARD = gnu99;
				GCC_NO_COMMON_BLOCKS = YES;
				GCC_WARN_64_TO_32_BIT_CONVERSION = YES;
				GCC_WARN_ABOUT_RETURN_TYPE = YES_ERROR;
				GCC_WARN_UNDECLARED_SELECTOR = YES;
				GCC_WARN_UNINITIALIZED_AUTOS = YES_AGGRESSIVE;
				GCC_WARN_UNUSED_FUNCTION = YES;
				GCC_WARN_UNUSED_VARIABLE = YES;
				IPHONEOS_DEPLOYMENT_TARGET = 9.2;
				MTL_ENABLE_DEBUG_INFO = NO;
				SDKROOT = iphoneos;
				TARGETED_DEVICE_FAMILY = "1,2";
				VALIDATE_PRODUCT = YES;
			};
			name = Release;
		};
		87F56BB21C2384C600260976 /* Debug */ = {
			isa = XCBuildConfiguration;
			buildSettings = {
				ASSETCATALOG_COMPILER_APPICON_NAME = AppIcon;
				INFOPLIST_FILE = Bouncer/Info.plist;
				LD_RUNPATH_SEARCH_PATHS = "$(inherited) @executable_path/Frameworks";
				PRODUCT_BUNDLE_IDENTIFIER = wdxtub.Bouncer;
				PRODUCT_NAME = "$(TARGET_NAME)";
			};
			name = Debug;
		};
		87F56BB31C2384C600260976 /* Release */ = {
			isa = XCBuildConfiguration;
			buildSettings = {
				ASSETCATALOG_COMPILER_APPICON_NAME = AppIcon;
				INFOPLIST_FILE = Bouncer/Info.plist;
				LD_RUNPATH_SEARCH_PATHS = "$(inherited) @executable_path/Frameworks";
				PRODUCT_BUNDLE_IDENTIFIER = wdxtub.Bouncer;
				PRODUCT_NAME = "$(TARGET_NAME)";
			};
			name = Release;
		};
/* End XCBuildConfiguration section */

/* Begin XCConfigurationList section */
		87F56B9A1C2384C600260976 /* Build configuration list for PBXProject "Bouncer" */ = {
			isa = XCConfigurationList;
			buildConfigurations = (
				87F56BAF1C2384C600260976 /* Debug */,
				87F56BB01C2384C600260976 /* Release */,
			);
			defaultConfigurationIsVisible = 0;
			defaultConfigurationName = Release;
		};
		87F56BB11C2384C600260976 /* Build configuration list for PBXNativeTarget "Bouncer" */ = {
			isa = XCConfigurationList;
			buildConfigurations = (
				87F56BB21C2384C600260976 /* Debug */,
				87F56BB31C2384C600260976 /* Release */,
			);
			defaultConfigurationIsVisible = 0;
		};
/* End XCConfigurationList section */
	};
	rootObject = 87F56B971C2384C600260976 /* Project object */;
}
